
Microsoft Visual Studio Solution File, Format Version 12.00
Project("{FAE04EC0-301F-11D3-BF4B-00C04F79EFBC}") = "ProtoManager.Abstractions", "src\ProtoManager.Abstractions\ProtoManager.Abstractions.csproj", "{5A882250-0670-44E4-B08F-AD94CCBD10A2}"
EndProject
Project("{FAE04EC0-301F-11D3-BF4B-00C04F79EFBC}") = "ProtoManager", "src\ProtoManager\ProtoManager.csproj", "{908BEEC7-BFD4-453E-8A64-8A479B58BF54}"
EndProject
Global
	GlobalSection(SolutionConfigurationPlatforms) = preSolution
		Debug|Any CPU = Debug|Any CPU
		Release|Any CPU = Release|Any CPU
	EndGlobalSection
	GlobalSection(ProjectConfigurationPlatforms) = postSolution
		{5A882250-0670-44E4-B08F-AD94CCBD10A2}.Debug|Any CPU.ActiveCfg = Debug|Any CPU
		{5A882250-0670-44E4-B08F-AD94CCBD10A2}.Debug|Any CPU.Build.0 = Debug|Any CPU
		{5A882250-0670-44E4-B08F-AD94CCBD10A2}.Release|Any CPU.ActiveCfg = Release|Any CPU
		{5A882250-0670-44E4-B08F-AD94CCBD10A2}.Release|Any CPU.Build.0 = Release|Any CPU
		{908BEEC7-BFD4-453E-8A64-8A479B58BF54}.Debug|Any CPU.ActiveCfg = Debug|Any CPU
		{908BEEC7-BFD4-453E-8A64-8A479B58BF54}.Debug|Any CPU.Build.0 = Debug|Any CPU
		{908BEEC7-BFD4-453E-8A64-8A479B58BF54}.Release|Any CPU.ActiveCfg = Release|Any CPU
		{908BEEC7-BFD4-453E-8A64-8A479B58BF54}.Release|Any CPU.Build.0 = Release|Any CPU
	EndGlobalSection
EndGlobal
